
Microsoft Visual Studio Solution File, Format Version 12.00
# Visual Studio 15
VisualStudioVersion = 15.0.27428.2002
MinimumVisualStudioVersion = 10.0.40219.1
Project("{FAE04EC0-301F-11D3-BF4B-00C04F79EFBC}") = "Practica2", "Practica2\Practica2.csproj", "{37758E7C-B0EE-43CA-A004-F301126BBCF4}"
EndProject
Global
	GlobalSection(SolutionConfigurationPlatforms) = preSolution
		Debug|Any CPU = Debug|Any CPU
		Release|Any CPU = Release|Any CPU
	EndGlobalSection
	GlobalSection(ProjectConfigurationPlatforms) = postSolution
		{37758E7C-B0EE-43CA-A004-F301126BBCF4}.Debug|Any CPU.ActiveCfg = Debug|Any CPU
		{37758E7C-B0EE-43CA-A004-F301126BBCF4}.Debug|Any CPU.Build.0 = Debug|Any CPU
		{37758E7C-B0EE-43CA-A004-F301126BBCF4}.Release|Any CPU.ActiveCfg = Release|Any CPU
		{37758E7C-B0EE-43CA-A004-F301126BBCF4}.Release|Any CPU.Build.0 = Release|Any CPU
	EndGlobalSection
	GlobalSection(SolutionProperties) = preSolution
		HideSolutionNode = FALSE
	EndGlobalSection
	GlobalSection(ExtensibilityGlobals) = postSolution
		SolutionGuid = {1B447C08-7C27-4CCB-B8A8-2FB402B62230}
	EndGlobalSection
EndGlobal
